
Microsoft Visual Studio Solution File, Format Version 12.00
# Visual Studio Version 17
VisualStudioVersion = 17.11.35222.181
MinimumVisualStudioVersion = 10.0.40219.1
Project("{8BC9CEB8-8B4A-11D0-8D11-00A0C91BC942}") = "Project2", "Project2\Project2.vcxproj", "{47162E02-30F4-483D-8901-61395E8F6156}"
EndProject
Global
	GlobalSection(SolutionConfigurationPlatforms) = preSolution
		Debug|x64 = Debug|x64
		Debug|x86 = Debug|x86
		Release|x64 = Release|x64
		Release|x86 = Release|x86
	EndGlobalSection
	GlobalSection(ProjectConfigurationPlatforms) = postSolution
		{47162E02-30F4-483D-8901-61395E8F6156}.Debug|x64.ActiveCfg = Debug|x64
		{47162E02-30F4-483D-8901-61395E8F6156}.Debug|x64.Build.0 = Debug|x64
		{47162E02-30F4-483D-8901-61395E8F6156}.Debug|x86.ActiveCfg = Debug|Win32
		{47162E02-30F4-483D-8901-61395E8F6156}.Debug|x86.Build.0 = Debug|Win32
		{47162E02-30F4-483D-8901-61395E8F6156}.Release|x64.ActiveCfg = Release|x64
		{47162E02-30F4-483D-8901-61395E8F6156}.Release|x64.Build.0 = Release|x64
		{47162E02-30F4-483D-8901-61395E8F6156}.Release|x86.ActiveCfg = Release|Win32
		{47162E02-30F4-483D-8901-61395E8F6156}.Release|x86.Build.0 = Release|Win32
	EndGlobalSection
	GlobalSection(SolutionProperties) = preSolution
		HideSolutionNode = FALSE
	EndGlobalSection
	GlobalSection(ExtensibilityGlobals) = postSolution
		SolutionGuid = {740B3653-8EF1-400B-8256-663BDAAC9D22}
	EndGlobalSection
EndGlobal
